
Microsoft Visual Studio Solution File, Format Version 12.00
# Visual Studio Version 17
VisualStudioVersion = 17.2.32602.215
MinimumVisualStudioVersion = 10.0.40219.1
Project("{FAE04EC0-301F-11D3-BF4B-00C04F79EFBC}") = "ZSpriteMaker", "ZSpriteMaker\ZSpriteMaker.csproj", "{BD371F58-9513-4B7C-A30C-D37D22C49BAF}"
EndProject
Global
	GlobalSection(SolutionConfigurationPlatforms) = preSolution
		Debug|Any CPU = Debug|Any CPU
		Release|Any CPU = Release|Any CPU
	EndGlobalSection
	GlobalSection(ProjectConfigurationPlatforms) = postSolution
		{BD371F58-9513-4B7C-A30C-D37D22C49BAF}.Debug|Any CPU.ActiveCfg = Debug|Any CPU
		{BD371F58-9513-4B7C-A30C-D37D22C49BAF}.Debug|Any CPU.Build.0 = Debug|Any CPU
		{BD371F58-9513-4B7C-A30C-D37D22C49BAF}.Release|Any CPU.ActiveCfg = Release|Any CPU
		{BD371F58-9513-4B7C-A30C-D37D22C49BAF}.Release|Any CPU.Build.0 = Release|Any CPU
	EndGlobalSection
	GlobalSection(SolutionProperties) = preSolution
		HideSolutionNode = FALSE
	EndGlobalSection
	GlobalSection(ExtensibilityGlobals) = postSolution
		SolutionGuid = {63CB6014-55E6-4677-B558-60A6DC6B7932}
	EndGlobalSection
EndGlobal
